
Microsoft Visual Studio Solution File, Format Version 12.00
# Visual Studio Version 16
VisualStudioVersion = 16.0.31424.327
MinimumVisualStudioVersion = 10.0.40219.1
Project("{9A19103F-16F7-4668-BE54-9A1E7A4F7556}") = "ChatApp", "ChatApp.csproj", "{FD6BEE9E-967A-49D0-A8A0-B8B3962FA2D2}"
EndProject
Project("{9A19103F-16F7-4668-BE54-9A1E7A4F7556}") = "ChatApp.DAL", "..\ChatApp.DAL\ChatApp.DAL.csproj", "{C2FE4165-F359-445B-9884-8F88DA2EBAB5}"
EndProject
Project("{9A19103F-16F7-4668-BE54-9A1E7A4F7556}") = "ChatApp.BLL", "..\ChatApp.BLL\ChatApp.BLL.csproj", "{27EED34A-A719-4C47-8F04-E883234D2F62}"
EndProject
Project("{FAE04EC0-301F-11D3-BF4B-00C04F79EFBC}") = "Common", "..\Common\Common.csproj", "{1E5A72A2-A4BF-4F9A-8B90-A1BCA24FA477}"
EndProject
Global
	GlobalSection(SolutionConfigurationPlatforms) = preSolution
		Debug|Any CPU = Debug|Any CPU
		Release|Any CPU = Release|Any CPU
	EndGlobalSection
	GlobalSection(ProjectConfigurationPlatforms) = postSolution
		{FD6BEE9E-967A-49D0-A8A0-B8B3962FA2D2}.Debug|Any CPU.ActiveCfg = Debug|Any CPU
		{FD6BEE9E-967A-49D0-A8A0-B8B3962FA2D2}.Debug|Any CPU.Build.0 = Debug|Any CPU
		{FD6BEE9E-967A-49D0-A8A0-B8B3962FA2D2}.Release|Any CPU.ActiveCfg = Release|Any CPU
		{FD6BEE9E-967A-49D0-A8A0-B8B3962FA2D2}.Release|Any CPU.Build.0 = Release|Any CPU
		{C2FE4165-F359-445B-9884-8F88DA2EBAB5}.Debug|Any CPU.ActiveCfg = Debug|Any CPU
		{C2FE4165-F359-445B-9884-8F88DA2EBAB5}.Debug|Any CPU.Build.0 = Debug|Any CPU
		{C2FE4165-F359-445B-9884-8F88DA2EBAB5}.Release|Any CPU.ActiveCfg = Release|Any CPU
		{C2FE4165-F359-445B-9884-8F88DA2EBAB5}.Release|Any CPU.Build.0 = Release|Any CPU
		{27EED34A-A719-4C47-8F04-E883234D2F62}.Debug|Any CPU.ActiveCfg = Debug|Any CPU
		{27EED34A-A719-4C47-8F04-E883234D2F62}.Debug|Any CPU.Build.0 = Debug|Any CPU
		{27EED34A-A719-4C47-8F04-E883234D2F62}.Release|Any CPU.ActiveCfg = Release|Any CPU
		{27EED34A-A719-4C47-8F04-E883234D2F62}.Release|Any CPU.Build.0 = Release|Any CPU
		{1E5A72A2-A4BF-4F9A-8B90-A1BCA24FA477}.Debug|Any CPU.ActiveCfg = Debug|Any CPU
		{1E5A72A2-A4BF-4F9A-8B90-A1BCA24FA477}.Debug|Any CPU.Build.0 = Debug|Any CPU
		{1E5A72A2-A4BF-4F9A-8B90-A1BCA24FA477}.Release|Any CPU.ActiveCfg = Release|Any CPU
		{1E5A72A2-A4BF-4F9A-8B90-A1BCA24FA477}.Release|Any CPU.Build.0 = Release|Any CPU
	EndGlobalSection
	GlobalSection(SolutionProperties) = preSolution
		HideSolutionNode = FALSE
	EndGlobalSection
	GlobalSection(ExtensibilityGlobals) = postSolution
		SolutionGuid = {5295D6B4-2DBE-47B9-882F-AEBDF808E46E}
	EndGlobalSection
EndGlobal
